# This file is automatically @generated by Cargo.
# It is not intended for manual editing.
version = 4

[[package]]
name = "rhizome-benches"
version = "0.1.0"
dependencies = [
 "rhizome-core",
 "rhizome-kernels-cpu",
 "rhizome-ops",
 "rhizome-runtime",
]

[[package]]
name = "rhizome-cli"
version = "0.1.0"
dependencies = [
 "rhizome-collective",
 "rhizome-conformance",
 "rhizome-core",
 "rhizome-data",
 "rhizome-eval",
 "rhizome-kernels-cpu",
 "rhizome-ops",
 "rhizome-plan",
 "rhizome-quant",
 "rhizome-runtime",
 "rhizome-serve",
 "rhizome-tokenizer",
 "rhizome-train",
]

[[package]]
name = "rhizome-collective"
version = "0.1.0"
dependencies = [
 "rhizome-core",
]

[[package]]
name = "rhizome-conformance"
version = "0.1.0"
dependencies = [
 "rhizome-core",
 "rhizome-ops",
 "rhizome-plan",
 "rhizome-runtime",
]

[[package]]
name = "rhizome-core"
version = "0.1.0"

[[package]]
name = "rhizome-data"
version = "0.1.0"
dependencies = [
 "rhizome-core",
]

[[package]]
name = "rhizome-eval"
version = "0.1.0"
dependencies = [
 "rhizome-core",
 "rhizome-data",
]

[[package]]
name = "rhizome-fuzz"
version = "0.1.0"
dependencies = [
 "rhizome-core",
 "rhizome-data",
 "rhizome-plan",
 "rhizome-serve",
 "rhizome-tokenizer",
]

[[package]]
name = "rhizome-kernels-cpu"
version = "0.1.0"
dependencies = [
 "rhizome-core",
 "rhizome-ops",
]

[[package]]
name = "rhizome-kernels-cubecl"
version = "0.1.0"
dependencies = [
 "rhizome-core",
]

[[package]]
name = "rhizome-kernels-cuda"
version = "0.1.0"
dependencies = [
 "rhizome-core",
]

[[package]]
name = "rhizome-kernels-metal"
version = "0.1.0"
dependencies = [
 "rhizome-core",
]

[[package]]
name = "rhizome-ops"
version = "0.1.0"
dependencies = [
 "rhizome-core",
]

[[package]]
name = "rhizome-plan"
version = "0.1.0"
dependencies = [
 "rhizome-core",
 "rhizome-ops",
]

[[package]]
name = "rhizome-quant"
version = "0.1.0"
dependencies = [
 "rhizome-core",
 "rhizome-ops",
 "rhizome-runtime",
]

[[package]]
name = "rhizome-runtime"
version = "0.1.0"
dependencies = [
 "rhizome-core",
 "rhizome-kernels-cpu",
 "rhizome-ops",
 "rhizome-plan",
]

[[package]]
name = "rhizome-serve"
version = "0.1.0"
dependencies = [
 "rhizome-core",
 "rhizome-ops",
 "rhizome-plan",
 "rhizome-runtime",
 "rhizome-tokenizer",
]

[[package]]
name = "rhizome-tokenizer"
version = "0.1.0"
dependencies = [
 "rhizome-core",
]

[[package]]
name = "rhizome-train"
version = "0.1.0"
dependencies = [
 "rhizome-collective",
 "rhizome-core",
 "rhizome-data",
 "rhizome-ops",
 "rhizome-plan",
 "rhizome-runtime",
 "rhizome-tokenizer",
]

[[package]]
name = "xtask"
version = "0.1.0"
dependencies = [
 "rhizome-core",
]
